{
  "originHash" : "4e14a6419178bdc9f28e6910db8f8b56483ba4fcae5670b44f75a9d0b6b6742e",
  "pins" : [
    {
      "identity" : "google-maps-ios-utils",
      "kind" : "remoteSourceControl",
      "location" : "https://github.com/googlemaps/google-maps-ios-utils",
      "state" : {
        "revision" : "22c6e764d14daaf5de2aa4a3700bc2e9dccae5ac",
        "version" : "6.1.0"
      }
    },
    {
      "identity" : "ios-maps-sdk",
      "kind" : "remoteSourceControl",
      "location" : "https://github.com/googlemaps/ios-maps-sdk",
      "state" : {
        "revision" : "02f8f144ef266da44d50a68d1562ca051bac27cc",
        "version" : "9.4.0"
      }
    },
    {
      "identity" : "ios-places-sdk",
      "kind" : "remoteSourceControl",
      "location" : "https://github.com/googlemaps/ios-places-sdk",
      "state" : {
        "revision" : "f18c63a43ed8399a81e539525983377d63b7b003",
        "version" : "9.4.1"
      }
    }
  ],
  "version" : 3
}
